{
  "name": "conviso",
  "version": "1.0.0",
  "lockfileVersion": 3,
  "requires": true,
  "packages": {
    "": {
      "name": "conviso",
      "version": "1.0.0",
      "license": "MIT",
      "bin": {
        "conviso": "src/iso_to_jmx_converter.js"
      },
      "engines": {
        "node": ">=12.0.0"
      }
    }
  }
}
